
Microsoft Visual Studio Solution File, Format Version 12.00
# Visual Studio Version 16
VisualStudioVersion = 25.0.1705.0
MinimumVisualStudioVersion = 10.0.40219.1
Project("{FAE04EC0-301F-11D3-BF4B-00C04F79EFBC}") = "webapp-block-capture", "webapp-block-capture\webapp-block-capture.csproj", "{95CA7D6A-6FE5-4858-ABC2-B696CB4ABF56}"
EndProject
Project("{FAE04EC0-301F-11D3-BF4B-00C04F79EFBC}") = "webapp-impl-service", "webapp-impl-service\webapp-impl-service.csproj", "{40104EAF-6FEC-4A89-8911-6992510945A2}"
EndProject
Global
	GlobalSection(SolutionConfigurationPlatforms) = preSolution
		Debug|Any CPU = Debug|Any CPU
		Release|Any CPU = Release|Any CPU
	EndGlobalSection
	GlobalSection(ProjectConfigurationPlatforms) = postSolution
		{95CA7D6A-6FE5-4858-ABC2-B696CB4ABF56}.Debug|Any CPU.ActiveCfg = Debug|Any CPU
		{95CA7D6A-6FE5-4858-ABC2-B696CB4ABF56}.Debug|Any CPU.Build.0 = Debug|Any CPU
		{95CA7D6A-6FE5-4858-ABC2-B696CB4ABF56}.Release|Any CPU.ActiveCfg = Release|Any CPU
		{95CA7D6A-6FE5-4858-ABC2-B696CB4ABF56}.Release|Any CPU.Build.0 = Release|Any CPU
		{40104EAF-6FEC-4A89-8911-6992510945A2}.Debug|Any CPU.ActiveCfg = Debug|Any CPU
		{40104EAF-6FEC-4A89-8911-6992510945A2}.Debug|Any CPU.Build.0 = Debug|Any CPU
		{40104EAF-6FEC-4A89-8911-6992510945A2}.Release|Any CPU.ActiveCfg = Release|Any CPU
		{40104EAF-6FEC-4A89-8911-6992510945A2}.Release|Any CPU.Build.0 = Release|Any CPU
	EndGlobalSection
	GlobalSection(SolutionProperties) = preSolution
		HideSolutionNode = FALSE
	EndGlobalSection
	GlobalSection(ExtensibilityGlobals) = postSolution
		SolutionGuid = {33210780-30C9-4061-B044-30D63E76BC04}
	EndGlobalSection
EndGlobal
